
Microsoft Visual Studio Solution File, Format Version 12.00
# Visual Studio Version 17
VisualStudioVersion = 17.3.32929.385
MinimumVisualStudioVersion = 10.0.40219.1
Project("{FAE04EC0-301F-11D3-BF4B-00C04F79EFBC}") = "Week6_OOP_Static", "Week6_OOP_Static\Week6_OOP_Static.csproj", "{CAC9B1EC-4A15-4B0B-8DC4-455579E69E3A}"
EndProject
Global
	GlobalSection(SolutionConfigurationPlatforms) = preSolution
		Debug|Any CPU = Debug|Any CPU
		Release|Any CPU = Release|Any CPU
	EndGlobalSection
	GlobalSection(ProjectConfigurationPlatforms) = postSolution
		{CAC9B1EC-4A15-4B0B-8DC4-455579E69E3A}.Debug|Any CPU.ActiveCfg = Debug|Any CPU
		{CAC9B1EC-4A15-4B0B-8DC4-455579E69E3A}.Debug|Any CPU.Build.0 = Debug|Any CPU
		{CAC9B1EC-4A15-4B0B-8DC4-455579E69E3A}.Release|Any CPU.ActiveCfg = Release|Any CPU
		{CAC9B1EC-4A15-4B0B-8DC4-455579E69E3A}.Release|Any CPU.Build.0 = Release|Any CPU
	EndGlobalSection
	GlobalSection(SolutionProperties) = preSolution
		HideSolutionNode = FALSE
	EndGlobalSection
	GlobalSection(ExtensibilityGlobals) = postSolution
		SolutionGuid = {F37B1BF3-EF2D-476A-A999-9EDE521217AE}
	EndGlobalSection
EndGlobal
