
Microsoft Visual Studio Solution File, Format Version 12.00
# Visual Studio Version 17
VisualStudioVersion = 17.3.32929.385
MinimumVisualStudioVersion = 10.0.40219.1
Project("{FAE04EC0-301F-11D3-BF4B-00C04F79EFBC}") = "Week6_Math", "Week6_Math\Week6_Math.csproj", "{877DADFA-68C5-47DC-AF71-A25D037B04F1}"
EndProject
Global
	GlobalSection(SolutionConfigurationPlatforms) = preSolution
		Debug|Any CPU = Debug|Any CPU
		Release|Any CPU = Release|Any CPU
	EndGlobalSection
	GlobalSection(ProjectConfigurationPlatforms) = postSolution
		{877DADFA-68C5-47DC-AF71-A25D037B04F1}.Debug|Any CPU.ActiveCfg = Debug|Any CPU
		{877DADFA-68C5-47DC-AF71-A25D037B04F1}.Debug|Any CPU.Build.0 = Debug|Any CPU
		{877DADFA-68C5-47DC-AF71-A25D037B04F1}.Release|Any CPU.ActiveCfg = Release|Any CPU
		{877DADFA-68C5-47DC-AF71-A25D037B04F1}.Release|Any CPU.Build.0 = Release|Any CPU
	EndGlobalSection
	GlobalSection(SolutionProperties) = preSolution
		HideSolutionNode = FALSE
	EndGlobalSection
	GlobalSection(ExtensibilityGlobals) = postSolution
		SolutionGuid = {4DF9C8EE-A5E0-430D-83D4-941AE1C22915}
	EndGlobalSection
EndGlobal
