
Microsoft Visual Studio Solution File, Format Version 12.00
# Visual Studio Version 17
VisualStudioVersion = 17.2.32630.192
MinimumVisualStudioVersion = 10.0.40219.1
Project("{FAE04EC0-301F-11D3-BF4B-00C04F79EFBC}") = "Week5_Functions", "Week5_Functions\Week5_Functions.csproj", "{1D31A1C9-9DBE-4BA6-896A-198035DC03CD}"
EndProject
Global
	GlobalSection(SolutionConfigurationPlatforms) = preSolution
		Debug|Any CPU = Debug|Any CPU
		Release|Any CPU = Release|Any CPU
	EndGlobalSection
	GlobalSection(ProjectConfigurationPlatforms) = postSolution
		{1D31A1C9-9DBE-4BA6-896A-198035DC03CD}.Debug|Any CPU.ActiveCfg = Debug|Any CPU
		{1D31A1C9-9DBE-4BA6-896A-198035DC03CD}.Debug|Any CPU.Build.0 = Debug|Any CPU
		{1D31A1C9-9DBE-4BA6-896A-198035DC03CD}.Release|Any CPU.ActiveCfg = Release|Any CPU
		{1D31A1C9-9DBE-4BA6-896A-198035DC03CD}.Release|Any CPU.Build.0 = Release|Any CPU
	EndGlobalSection
	GlobalSection(SolutionProperties) = preSolution
		HideSolutionNode = FALSE
	EndGlobalSection
	GlobalSection(ExtensibilityGlobals) = postSolution
		SolutionGuid = {3D31B504-6964-4A42-B1A9-0096C331DF0F}
	EndGlobalSection
EndGlobal
