
Microsoft Visual Studio Solution File, Format Version 12.00
# Visual Studio Version 16
VisualStudioVersion = 16.0.30503.244
MinimumVisualStudioVersion = 10.0.40219.1
Project("{FAE04EC0-301F-11D3-BF4B-00C04F79EFBC}") = "ContractMAnagmentSystem", "ContractMAnagmentSystem.csproj", "{108B4CC8-ABED-4651-B721-0C5041EA5504}"
EndProject
Global
	GlobalSection(SolutionConfigurationPlatforms) = preSolution
		Debug|Any CPU = Debug|Any CPU
		Release|Any CPU = Release|Any CPU
	EndGlobalSection
	GlobalSection(ProjectConfigurationPlatforms) = postSolution
		{108B4CC8-ABED-4651-B721-0C5041EA5504}.Debug|Any CPU.ActiveCfg = Debug|Any CPU
		{108B4CC8-ABED-4651-B721-0C5041EA5504}.Debug|Any CPU.Build.0 = Debug|Any CPU
		{108B4CC8-ABED-4651-B721-0C5041EA5504}.Release|Any CPU.ActiveCfg = Release|Any CPU
		{108B4CC8-ABED-4651-B721-0C5041EA5504}.Release|Any CPU.Build.0 = Release|Any CPU
	EndGlobalSection
	GlobalSection(SolutionProperties) = preSolution
		HideSolutionNode = FALSE
	EndGlobalSection
	GlobalSection(ExtensibilityGlobals) = postSolution
		SolutionGuid = {FBC3C002-2A8B-4920-930B-A8FD73CA691F}
	EndGlobalSection
EndGlobal
