
Microsoft Visual Studio Solution File, Format Version 12.00
# Visual Studio Version 17
VisualStudioVersion = 17.2.32630.192
MinimumVisualStudioVersion = 10.0.40219.1
Project("{FAE04EC0-301F-11D3-BF4B-00C04F79EFBC}") = "Week4_enumm", "Week4_enumm\Week4_enumm.csproj", "{5AC33CD3-0238-40ED-8390-9AC9AAE8D7A7}"
EndProject
Global
	GlobalSection(SolutionConfigurationPlatforms) = preSolution
		Debug|Any CPU = Debug|Any CPU
		Release|Any CPU = Release|Any CPU
	EndGlobalSection
	GlobalSection(ProjectConfigurationPlatforms) = postSolution
		{5AC33CD3-0238-40ED-8390-9AC9AAE8D7A7}.Debug|Any CPU.ActiveCfg = Debug|Any CPU
		{5AC33CD3-0238-40ED-8390-9AC9AAE8D7A7}.Debug|Any CPU.Build.0 = Debug|Any CPU
		{5AC33CD3-0238-40ED-8390-9AC9AAE8D7A7}.Release|Any CPU.ActiveCfg = Release|Any CPU
		{5AC33CD3-0238-40ED-8390-9AC9AAE8D7A7}.Release|Any CPU.Build.0 = Release|Any CPU
	EndGlobalSection
	GlobalSection(SolutionProperties) = preSolution
		HideSolutionNode = FALSE
	EndGlobalSection
	GlobalSection(ExtensibilityGlobals) = postSolution
		SolutionGuid = {11144F12-2E4A-49E4-A44B-6F24B352B116}
	EndGlobalSection
EndGlobal
