
Microsoft Visual Studio Solution File, Format Version 12.00
# Visual Studio Version 17
VisualStudioVersion = 17.3.32929.385
MinimumVisualStudioVersion = 10.0.40219.1
Project("{FAE04EC0-301F-11D3-BF4B-00C04F79EFBC}") = "Week7_OOP_ThisKeyword", "Week7_OOP_ThisKeyword\Week7_OOP_ThisKeyword.csproj", "{3D6A7704-D72C-4419-8C8F-24ED64D3840E}"
EndProject
Global
	GlobalSection(SolutionConfigurationPlatforms) = preSolution
		Debug|Any CPU = Debug|Any CPU
		Release|Any CPU = Release|Any CPU
	EndGlobalSection
	GlobalSection(ProjectConfigurationPlatforms) = postSolution
		{3D6A7704-D72C-4419-8C8F-24ED64D3840E}.Debug|Any CPU.ActiveCfg = Debug|Any CPU
		{3D6A7704-D72C-4419-8C8F-24ED64D3840E}.Debug|Any CPU.Build.0 = Debug|Any CPU
		{3D6A7704-D72C-4419-8C8F-24ED64D3840E}.Release|Any CPU.ActiveCfg = Release|Any CPU
		{3D6A7704-D72C-4419-8C8F-24ED64D3840E}.Release|Any CPU.Build.0 = Release|Any CPU
	EndGlobalSection
	GlobalSection(SolutionProperties) = preSolution
		HideSolutionNode = FALSE
	EndGlobalSection
	GlobalSection(ExtensibilityGlobals) = postSolution
		SolutionGuid = {00A918CE-6231-48ED-ACEB-2D36E21F52E9}
	EndGlobalSection
EndGlobal
