
Microsoft Visual Studio Solution File, Format Version 12.00
# Visual Studio Version 17
VisualStudioVersion = 17.2.32630.192
MinimumVisualStudioVersion = 10.0.40219.1
Project("{FAE04EC0-301F-11D3-BF4B-00C04F79EFBC}") = "week1_helloworld", "week1_helloworld\week1_helloworld.csproj", "{458BD616-9619-4ECD-B685-A780B06C4EAB}"
EndProject
Global
	GlobalSection(SolutionConfigurationPlatforms) = preSolution
		Debug|Any CPU = Debug|Any CPU
		Release|Any CPU = Release|Any CPU
	EndGlobalSection
	GlobalSection(ProjectConfigurationPlatforms) = postSolution
		{458BD616-9619-4ECD-B685-A780B06C4EAB}.Debug|Any CPU.ActiveCfg = Debug|Any CPU
		{458BD616-9619-4ECD-B685-A780B06C4EAB}.Debug|Any CPU.Build.0 = Debug|Any CPU
		{458BD616-9619-4ECD-B685-A780B06C4EAB}.Release|Any CPU.ActiveCfg = Release|Any CPU
		{458BD616-9619-4ECD-B685-A780B06C4EAB}.Release|Any CPU.Build.0 = Release|Any CPU
	EndGlobalSection
	GlobalSection(SolutionProperties) = preSolution
		HideSolutionNode = FALSE
	EndGlobalSection
	GlobalSection(ExtensibilityGlobals) = postSolution
		SolutionGuid = {39EE5B3D-FB27-4997-B452-D65373ADB9A5}
	EndGlobalSection
EndGlobal
