
Microsoft Visual Studio Solution File, Format Version 12.00
# Visual Studio Version 17
VisualStudioVersion = 17.3.32929.385
MinimumVisualStudioVersion = 10.0.40219.1
Project("{FAE04EC0-301F-11D3-BF4B-00C04F79EFBC}") = "Week7_OOP_Inheritance", "Week7_OOP_Inheritance\Week7_OOP_Inheritance.csproj", "{D124E0CB-E435-4BDD-B1AA-2145039C7099}"
EndProject
Global
	GlobalSection(SolutionConfigurationPlatforms) = preSolution
		Debug|Any CPU = Debug|Any CPU
		Release|Any CPU = Release|Any CPU
	EndGlobalSection
	GlobalSection(ProjectConfigurationPlatforms) = postSolution
		{D124E0CB-E435-4BDD-B1AA-2145039C7099}.Debug|Any CPU.ActiveCfg = Debug|Any CPU
		{D124E0CB-E435-4BDD-B1AA-2145039C7099}.Debug|Any CPU.Build.0 = Debug|Any CPU
		{D124E0CB-E435-4BDD-B1AA-2145039C7099}.Release|Any CPU.ActiveCfg = Release|Any CPU
		{D124E0CB-E435-4BDD-B1AA-2145039C7099}.Release|Any CPU.Build.0 = Release|Any CPU
	EndGlobalSection
	GlobalSection(SolutionProperties) = preSolution
		HideSolutionNode = FALSE
	EndGlobalSection
	GlobalSection(ExtensibilityGlobals) = postSolution
		SolutionGuid = {3AFC0842-F661-4EEF-8D96-07AC80A91E14}
	EndGlobalSection
EndGlobal
